
Microsoft Visual Studio Solution File, Format Version 12.00
# Visual Studio Version 17
VisualStudioVersion = 17.4.33122.133
MinimumVisualStudioVersion = 10.0.40219.1
Project("{2150E333-8FDC-42A3-9474-1A3956D46DE8}") = "Tests", "Tests", "{6851BE0E-1B35-4A61-B217-A729807362A0}"
EndProject
Project("{9A19103F-16F7-4668-BE54-9A1E7A4F7556}") = "Testing", "Testing\Testing.csproj", "{A67F355C-F126-40A7-9E11-41CFB80E3824}"
EndProject
Project("{9A19103F-16F7-4668-BE54-9A1E7A4F7556}") = "0.1 StartWithALetter", "StartWithALetter\0.1 StartWithALetter.csproj", "{F89313C6-4594-4D27-8880-11F9C1987BE8}"
EndProject
Project("{9A19103F-16F7-4668-BE54-9A1E7A4F7556}") = "0.2 FindOutAge", "FindOutAge\0.2 FindOutAge.csproj", "{F2DF58F7-AE01-49D1-BD2A-DDD16988A98A}"
EndProject
Project("{9A19103F-16F7-4668-BE54-9A1E7A4F7556}") = "0.3 SigningUpStudentForCourses", "SigningUpStudentForCourses\0.3 SigningUpStudentForCourses.csproj", "{C749C124-0FF9-4FEE-8297-587DC1E615BE}"
EndProject
Project("{9A19103F-16F7-4668-BE54-9A1E7A4F7556}") = "0.4 LINQSelectMany", "LINQSelectMany\0.4 LINQSelectMany.csproj", "{22C8EDDA-676D-4F01-8D91-197EDD38D361}"
EndProject
Project("{9A19103F-16F7-4668-BE54-9A1E7A4F7556}") = "0.5 LINQWhere", "LINQWhere\0.5 LINQWhere.csproj", "{0ECBBEC3-C99D-4D2C-8530-EEF471E2FD9B}"
EndProject
Project("{9A19103F-16F7-4668-BE54-9A1E7A4F7556}") = "0.6 LINQWhereSelectMany", "LINQWhereSelectMany\0.6 LINQWhereSelectMany.csproj", "{02A26083-D51F-4533-B942-57A383C875EF}"
EndProject
Project("{9A19103F-16F7-4668-BE54-9A1E7A4F7556}") = "0.7 LINQWhereOfType", "LINQWhereOfType\0.7 LINQWhereOfType.csproj", "{7A5EF802-A30B-437B-AFDA-2B8915ED8ABE}"
EndProject
Project("{9A19103F-16F7-4668-BE54-9A1E7A4F7556}") = "0.8 LINQOrderByAndThenBy", "LINQOrderByAndThenBy\0.8 LINQOrderByAndThenBy.csproj", "{D9A3D971-9C1A-4DC0-BE83-DFE5462767BC}"
EndProject
Project("{9A19103F-16F7-4668-BE54-9A1E7A4F7556}") = "0.9 OrderByIComparer", "OrderByIComparer\0.9 OrderByIComparer.csproj", "{3C1A68FA-0507-4E2B-B213-B58C86E66940}"
EndProject
Project("{FAE04EC0-301F-11D3-BF4B-00C04F79EFBC}") = "2.0 LINQ_Except_Intersect_Union_Concat", "LINQExcept\2.0 LINQ_Except_Intersect_Union_Concat.csproj", "{5EA764E4-61AD-48B9-99FA-38586DFBC5FA}"
EndProject
Project("{FAE04EC0-301F-11D3-BF4B-00C04F79EFBC}") = "LINQ_Distinct", "LINQ_Distinct\LINQ_Distinct.csproj", "{AF2BF92D-E1E9-42DD-A9CC-35821DD434A7}"
EndProject
Global
	GlobalSection(SolutionConfigurationPlatforms) = preSolution
		Debug|Any CPU = Debug|Any CPU
		Release|Any CPU = Release|Any CPU
	EndGlobalSection
	GlobalSection(ProjectConfigurationPlatforms) = postSolution
		{A67F355C-F126-40A7-9E11-41CFB80E3824}.Debug|Any CPU.ActiveCfg = Debug|Any CPU
		{A67F355C-F126-40A7-9E11-41CFB80E3824}.Debug|Any CPU.Build.0 = Debug|Any CPU
		{A67F355C-F126-40A7-9E11-41CFB80E3824}.Release|Any CPU.ActiveCfg = Release|Any CPU
		{A67F355C-F126-40A7-9E11-41CFB80E3824}.Release|Any CPU.Build.0 = Release|Any CPU
		{F89313C6-4594-4D27-8880-11F9C1987BE8}.Debug|Any CPU.ActiveCfg = Debug|Any CPU
		{F89313C6-4594-4D27-8880-11F9C1987BE8}.Debug|Any CPU.Build.0 = Debug|Any CPU
		{F89313C6-4594-4D27-8880-11F9C1987BE8}.Release|Any CPU.ActiveCfg = Release|Any CPU
		{F89313C6-4594-4D27-8880-11F9C1987BE8}.Release|Any CPU.Build.0 = Release|Any CPU
		{F2DF58F7-AE01-49D1-BD2A-DDD16988A98A}.Debug|Any CPU.ActiveCfg = Debug|Any CPU
		{F2DF58F7-AE01-49D1-BD2A-DDD16988A98A}.Debug|Any CPU.Build.0 = Debug|Any CPU
		{F2DF58F7-AE01-49D1-BD2A-DDD16988A98A}.Release|Any CPU.ActiveCfg = Release|Any CPU
		{F2DF58F7-AE01-49D1-BD2A-DDD16988A98A}.Release|Any CPU.Build.0 = Release|Any CPU
		{C749C124-0FF9-4FEE-8297-587DC1E615BE}.Debug|Any CPU.ActiveCfg = Debug|Any CPU
		{C749C124-0FF9-4FEE-8297-587DC1E615BE}.Debug|Any CPU.Build.0 = Debug|Any CPU
		{C749C124-0FF9-4FEE-8297-587DC1E615BE}.Release|Any CPU.ActiveCfg = Release|Any CPU
		{C749C124-0FF9-4FEE-8297-587DC1E615BE}.Release|Any CPU.Build.0 = Release|Any CPU
		{22C8EDDA-676D-4F01-8D91-197EDD38D361}.Debug|Any CPU.ActiveCfg = Debug|Any CPU
		{22C8EDDA-676D-4F01-8D91-197EDD38D361}.Debug|Any CPU.Build.0 = Debug|Any CPU
		{22C8EDDA-676D-4F01-8D91-197EDD38D361}.Release|Any CPU.ActiveCfg = Release|Any CPU
		{22C8EDDA-676D-4F01-8D91-197EDD38D361}.Release|Any CPU.Build.0 = Release|Any CPU
		{0ECBBEC3-C99D-4D2C-8530-EEF471E2FD9B}.Debug|Any CPU.ActiveCfg = Debug|Any CPU
		{0ECBBEC3-C99D-4D2C-8530-EEF471E2FD9B}.Debug|Any CPU.Build.0 = Debug|Any CPU
		{0ECBBEC3-C99D-4D2C-8530-EEF471E2FD9B}.Release|Any CPU.ActiveCfg = Release|Any CPU
		{0ECBBEC3-C99D-4D2C-8530-EEF471E2FD9B}.Release|Any CPU.Build.0 = Release|Any CPU
		{02A26083-D51F-4533-B942-57A383C875EF}.Debug|Any CPU.ActiveCfg = Debug|Any CPU
		{02A26083-D51F-4533-B942-57A383C875EF}.Debug|Any CPU.Build.0 = Debug|Any CPU
		{02A26083-D51F-4533-B942-57A383C875EF}.Release|Any CPU.ActiveCfg = Release|Any CPU
		{02A26083-D51F-4533-B942-57A383C875EF}.Release|Any CPU.Build.0 = Release|Any CPU
		{7A5EF802-A30B-437B-AFDA-2B8915ED8ABE}.Debug|Any CPU.ActiveCfg = Debug|Any CPU
		{7A5EF802-A30B-437B-AFDA-2B8915ED8ABE}.Debug|Any CPU.Build.0 = Debug|Any CPU
		{7A5EF802-A30B-437B-AFDA-2B8915ED8ABE}.Release|Any CPU.ActiveCfg = Release|Any CPU
		{7A5EF802-A30B-437B-AFDA-2B8915ED8ABE}.Release|Any CPU.Build.0 = Release|Any CPU
		{D9A3D971-9C1A-4DC0-BE83-DFE5462767BC}.Debug|Any CPU.ActiveCfg = Debug|Any CPU
		{D9A3D971-9C1A-4DC0-BE83-DFE5462767BC}.Debug|Any CPU.Build.0 = Debug|Any CPU
		{D9A3D971-9C1A-4DC0-BE83-DFE5462767BC}.Release|Any CPU.ActiveCfg = Release|Any CPU
		{D9A3D971-9C1A-4DC0-BE83-DFE5462767BC}.Release|Any CPU.Build.0 = Release|Any CPU
		{3C1A68FA-0507-4E2B-B213-B58C86E66940}.Debug|Any CPU.ActiveCfg = Debug|Any CPU
		{3C1A68FA-0507-4E2B-B213-B58C86E66940}.Debug|Any CPU.Build.0 = Debug|Any CPU
		{3C1A68FA-0507-4E2B-B213-B58C86E66940}.Release|Any CPU.ActiveCfg = Release|Any CPU
		{3C1A68FA-0507-4E2B-B213-B58C86E66940}.Release|Any CPU.Build.0 = Release|Any CPU
		{5EA764E4-61AD-48B9-99FA-38586DFBC5FA}.Debug|Any CPU.ActiveCfg = Debug|Any CPU
		{5EA764E4-61AD-48B9-99FA-38586DFBC5FA}.Debug|Any CPU.Build.0 = Debug|Any CPU
		{5EA764E4-61AD-48B9-99FA-38586DFBC5FA}.Release|Any CPU.ActiveCfg = Release|Any CPU
		{5EA764E4-61AD-48B9-99FA-38586DFBC5FA}.Release|Any CPU.Build.0 = Release|Any CPU
		{AF2BF92D-E1E9-42DD-A9CC-35821DD434A7}.Debug|Any CPU.ActiveCfg = Debug|Any CPU
		{AF2BF92D-E1E9-42DD-A9CC-35821DD434A7}.Debug|Any CPU.Build.0 = Debug|Any CPU
		{AF2BF92D-E1E9-42DD-A9CC-35821DD434A7}.Release|Any CPU.ActiveCfg = Release|Any CPU
		{AF2BF92D-E1E9-42DD-A9CC-35821DD434A7}.Release|Any CPU.Build.0 = Release|Any CPU
	EndGlobalSection
	GlobalSection(SolutionProperties) = preSolution
		HideSolutionNode = FALSE
	EndGlobalSection
	GlobalSection(NestedProjects) = preSolution
		{A67F355C-F126-40A7-9E11-41CFB80E3824} = {6851BE0E-1B35-4A61-B217-A729807362A0}
	EndGlobalSection
	GlobalSection(ExtensibilityGlobals) = postSolution
		SolutionGuid = {B31A66A3-20C0-4DA4-9DDB-21F8E22BA182}
	EndGlobalSection
EndGlobal
